# This file is autogenerated, do not edit; changes may be undone by the next 'dep ensure'.


[[projects]]
  digest = "1:86aada1f67a0c33c39e3a071b31e56f3da18890c2441fd14fc8385c0ed3da355"
  name = "github.com/openfaas-incubator/go-function-sdk"
  packages = ["."]
  pruneopts = "UT"
  revision = "cac4b8744921c3935ace0551f3d1240eaac69c7a"
  version = "1.0.0"

[solve-meta]
  analyzer-name = "dep"
  analyzer-version = 1
  input-imports = ["github.com/openfaas-incubator/go-function-sdk"]
  solver-name = "gps-cdcl"
  solver-version = 1
